
Microsoft Visual Studio Solution File, Format Version 12.00
# Visual Studio Version 17
VisualStudioVersion = 17.0.32112.339
MinimumVisualStudioVersion = 10.0.40219.1
Project("{9A19103F-16F7-4668-BE54-9A1E7A4F7556}") = "AvaloniaEdit", "src\AvaloniaEdit\AvaloniaEdit.csproj", "{4B04026F-BA96-4721-AE28-0970CB5806A9}"
EndProject
Project("{9A19103F-16F7-4668-BE54-9A1E7A4F7556}") = "AvaloniaEdit.Demo", "src\AvaloniaEdit.Demo\AvaloniaEdit.Demo.csproj", "{03763F37-9BD9-4D1D-ADC9-1050F6F8C062}"
EndProject
Project("{9A19103F-16F7-4668-BE54-9A1E7A4F7556}") = "AvaloniaEdit.Tests", "test\AvaloniaEdit.Tests\AvaloniaEdit.Tests.csproj", "{9E5D4372-D362-44A2-984D-578288870AB8}"
EndProject
Project("{2150E333-8FDC-42A3-9474-1A3956D46DE8}") = "Solution Items", "Solution Items", "{E9668961-BD19-4360-8ABE-B9BD55EB52CA}"
	ProjectSection(SolutionItems) = preProject
		azure-pipelines.yml = azure-pipelines.yml
		Directory.Build.props = Directory.Build.props
	EndProjectSection
EndProject
Project("{9A19103F-16F7-4668-BE54-9A1E7A4F7556}") = "AvaloniaEdit.TextMate", "src\AvaloniaEdit.TextMate\AvaloniaEdit.TextMate.csproj", "{63826C17-C08C-4E5F-AABB-443EBA565E92}"
EndProject
Global
	GlobalSection(SolutionConfigurationPlatforms) = preSolution
		Debug|Any CPU = Debug|Any CPU
		Debug|x64 = Debug|x64
		Release|Any CPU = Release|Any CPU
		Release|x64 = Release|x64
	EndGlobalSection
	GlobalSection(ProjectConfigurationPlatforms) = postSolution
		{4B04026F-BA96-4721-AE28-0970CB5806A9}.Debug|Any CPU.ActiveCfg = Debug|Any CPU
		{4B04026F-BA96-4721-AE28-0970CB5806A9}.Debug|Any CPU.Build.0 = Debug|Any CPU
		{4B04026F-BA96-4721-AE28-0970CB5806A9}.Debug|x64.ActiveCfg = Debug|Any CPU
		{4B04026F-BA96-4721-AE28-0970CB5806A9}.Debug|x64.Build.0 = Debug|Any CPU
		{4B04026F-BA96-4721-AE28-0970CB5806A9}.Release|Any CPU.ActiveCfg = Release|Any CPU
		{4B04026F-BA96-4721-AE28-0970CB5806A9}.Release|Any CPU.Build.0 = Release|Any CPU
		{4B04026F-BA96-4721-AE28-0970CB5806A9}.Release|x64.ActiveCfg = Release|Any CPU
		{4B04026F-BA96-4721-AE28-0970CB5806A9}.Release|x64.Build.0 = Release|Any CPU
		{03763F37-9BD9-4D1D-ADC9-1050F6F8C062}.Debug|Any CPU.ActiveCfg = Debug|Any CPU
		{03763F37-9BD9-4D1D-ADC9-1050F6F8C062}.Debug|Any CPU.Build.0 = Debug|Any CPU
		{03763F37-9BD9-4D1D-ADC9-1050F6F8C062}.Debug|x64.ActiveCfg = Debug|Any CPU
		{03763F37-9BD9-4D1D-ADC9-1050F6F8C062}.Debug|x64.Build.0 = Debug|Any CPU
		{03763F37-9BD9-4D1D-ADC9-1050F6F8C062}.Release|Any CPU.ActiveCfg = Release|Any CPU
		{03763F37-9BD9-4D1D-ADC9-1050F6F8C062}.Release|Any CPU.Build.0 = Release|Any CPU
		{03763F37-9BD9-4D1D-ADC9-1050F6F8C062}.Release|x64.ActiveCfg = Release|Any CPU
		{03763F37-9BD9-4D1D-ADC9-1050F6F8C062}.Release|x64.Build.0 = Release|Any CPU
		{9E5D4372-D362-44A2-984D-578288870AB8}.Debug|Any CPU.ActiveCfg = Debug|Any CPU
		{9E5D4372-D362-44A2-984D-578288870AB8}.Debug|Any CPU.Build.0 = Debug|Any CPU
		{9E5D4372-D362-44A2-984D-578288870AB8}.Debug|x64.ActiveCfg = Debug|Any CPU
		{9E5D4372-D362-44A2-984D-578288870AB8}.Debug|x64.Build.0 = Debug|Any CPU
		{9E5D4372-D362-44A2-984D-578288870AB8}.Release|Any CPU.ActiveCfg = Release|Any CPU
		{9E5D4372-D362-44A2-984D-578288870AB8}.Release|Any CPU.Build.0 = Release|Any CPU
		{9E5D4372-D362-44A2-984D-578288870AB8}.Release|x64.ActiveCfg = Release|Any CPU
		{9E5D4372-D362-44A2-984D-578288870AB8}.Release|x64.Build.0 = Release|Any CPU
		{63826C17-C08C-4E5F-AABB-443EBA565E92}.Debug|Any CPU.ActiveCfg = Debug|Any CPU
		{63826C17-C08C-4E5F-AABB-443EBA565E92}.Debug|Any CPU.Build.0 = Debug|Any CPU
		{63826C17-C08C-4E5F-AABB-443EBA565E92}.Debug|x64.ActiveCfg = Debug|Any CPU
		{63826C17-C08C-4E5F-AABB-443EBA565E92}.Debug|x64.Build.0 = Debug|Any CPU
		{63826C17-C08C-4E5F-AABB-443EBA565E92}.Release|Any CPU.ActiveCfg = Release|Any CPU
		{63826C17-C08C-4E5F-AABB-443EBA565E92}.Release|Any CPU.Build.0 = Release|Any CPU
		{63826C17-C08C-4E5F-AABB-443EBA565E92}.Release|x64.ActiveCfg = Release|Any CPU
		{63826C17-C08C-4E5F-AABB-443EBA565E92}.Release|x64.Build.0 = Release|Any CPU
	EndGlobalSection
	GlobalSection(SolutionProperties) = preSolution
		HideSolutionNode = FALSE
	EndGlobalSection
	GlobalSection(ExtensibilityGlobals) = postSolution
		SolutionGuid = {DCA3703C-8F8E-4AC5-81D7-65131FEBA631}
	EndGlobalSection
EndGlobal
